
Microsoft Visual Studio Solution File, Format Version 12.00
# Visual Studio Version 17
VisualStudioVersion = 17.1.32210.238
MinimumVisualStudioVersion = 10.0.40219.1
Project("{9A19103F-16F7-4668-BE54-9A1E7A4F7556}") = "Sorter", "Sorter\Sorter.csproj", "{D2AE6C8D-EBF6-4EBD-802A-199A736AA92B}"
EndProject
Project("{FAE04EC0-301F-11D3-BF4B-00C04F79EFBC}") = "TestFileGenerator", "TestFileGenerator\TestFileGenerator.csproj", "{0D930E9B-89B7-45EA-A1F5-3E958CC40AC1}"
EndProject
Global
	GlobalSection(SolutionConfigurationPlatforms) = preSolution
		Debug|Any CPU = Debug|Any CPU
		Release|Any CPU = Release|Any CPU
	EndGlobalSection
	GlobalSection(ProjectConfigurationPlatforms) = postSolution
		{D2AE6C8D-EBF6-4EBD-802A-199A736AA92B}.Debug|Any CPU.ActiveCfg = Debug|Any CPU
		{D2AE6C8D-EBF6-4EBD-802A-199A736AA92B}.Debug|Any CPU.Build.0 = Debug|Any CPU
		{D2AE6C8D-EBF6-4EBD-802A-199A736AA92B}.Release|Any CPU.ActiveCfg = Release|Any CPU
		{D2AE6C8D-EBF6-4EBD-802A-199A736AA92B}.Release|Any CPU.Build.0 = Release|Any CPU
		{0D930E9B-89B7-45EA-A1F5-3E958CC40AC1}.Debug|Any CPU.ActiveCfg = Debug|Any CPU
		{0D930E9B-89B7-45EA-A1F5-3E958CC40AC1}.Debug|Any CPU.Build.0 = Debug|Any CPU
		{0D930E9B-89B7-45EA-A1F5-3E958CC40AC1}.Release|Any CPU.ActiveCfg = Release|Any CPU
		{0D930E9B-89B7-45EA-A1F5-3E958CC40AC1}.Release|Any CPU.Build.0 = Release|Any CPU
	EndGlobalSection
	GlobalSection(SolutionProperties) = preSolution
		HideSolutionNode = FALSE
	EndGlobalSection
	GlobalSection(ExtensibilityGlobals) = postSolution
		SolutionGuid = {06E11F35-8A76-40B3-B952-1EC19B206F37}
	EndGlobalSection
EndGlobal
